
Microsoft Visual Studio Solution File, Format Version 12.00
# Visual Studio 15
VisualStudioVersion = 15.0.27703.2035
MinimumVisualStudioVersion = 10.0.40219.1
Project("{FAE04EC0-301F-11D3-BF4B-00C04F79EFBC}") = "ConsoleInterfaces", "ConsoleInterfaces.csproj", "{4FEF7848-BBD5-426B-B462-1A085E94843D}"
EndProject
Global
	GlobalSection(SolutionConfigurationPlatforms) = preSolution
		Debug|Any CPU = Debug|Any CPU
		Release|Any CPU = Release|Any CPU
	EndGlobalSection
	GlobalSection(ProjectConfigurationPlatforms) = postSolution
		{4FEF7848-BBD5-426B-B462-1A085E94843D}.Debug|Any CPU.ActiveCfg = Debug|Any CPU
		{4FEF7848-BBD5-426B-B462-1A085E94843D}.Debug|Any CPU.Build.0 = Debug|Any CPU
		{4FEF7848-BBD5-426B-B462-1A085E94843D}.Release|Any CPU.ActiveCfg = Release|Any CPU
		{4FEF7848-BBD5-426B-B462-1A085E94843D}.Release|Any CPU.Build.0 = Release|Any CPU
	EndGlobalSection
	GlobalSection(SolutionProperties) = preSolution
		HideSolutionNode = FALSE
	EndGlobalSection
	GlobalSection(ExtensibilityGlobals) = postSolution
		SolutionGuid = {8353B410-4D17-4A3F-8479-F854F31D1134}
	EndGlobalSection
EndGlobal
