
Microsoft Visual Studio Solution File, Format Version 12.00
# Visual Studio 15
VisualStudioVersion = 15.0.27703.2035
MinimumVisualStudioVersion = 10.0.40219.1
Project("{FAE04EC0-301F-11D3-BF4B-00C04F79EFBC}") = "Console-abstract-method-from-abstract-class-ctor", "Console-abstract-method-from-abstract-class-ctor.csproj", "{CACBC3C3-FB2E-4382-813C-FD755C5C4526}"
EndProject
Global
	GlobalSection(SolutionConfigurationPlatforms) = preSolution
		Debug|Any CPU = Debug|Any CPU
		Release|Any CPU = Release|Any CPU
	EndGlobalSection
	GlobalSection(ProjectConfigurationPlatforms) = postSolution
		{CACBC3C3-FB2E-4382-813C-FD755C5C4526}.Debug|Any CPU.ActiveCfg = Debug|Any CPU
		{CACBC3C3-FB2E-4382-813C-FD755C5C4526}.Debug|Any CPU.Build.0 = Debug|Any CPU
		{CACBC3C3-FB2E-4382-813C-FD755C5C4526}.Release|Any CPU.ActiveCfg = Release|Any CPU
		{CACBC3C3-FB2E-4382-813C-FD755C5C4526}.Release|Any CPU.Build.0 = Release|Any CPU
	EndGlobalSection
	GlobalSection(SolutionProperties) = preSolution
		HideSolutionNode = FALSE
	EndGlobalSection
	GlobalSection(ExtensibilityGlobals) = postSolution
		SolutionGuid = {C221D1EA-5E10-4F1D-9869-253C5351099C}
	EndGlobalSection
EndGlobal
