
Microsoft Visual Studio Solution File, Format Version 12.00
# Visual Studio 15
VisualStudioVersion = 15.0.27703.2035
MinimumVisualStudioVersion = 10.0.40219.1
Project("{FAE04EC0-301F-11D3-BF4B-00C04F79EFBC}") = "Console-count-occurrences-of-digits-in-string", "Console-count-occurrences-of-digits-in-string.csproj", "{F89FFD31-708D-4B58-947C-4054E69D9125}"
EndProject
Global
	GlobalSection(SolutionConfigurationPlatforms) = preSolution
		Debug|Any CPU = Debug|Any CPU
		Release|Any CPU = Release|Any CPU
	EndGlobalSection
	GlobalSection(ProjectConfigurationPlatforms) = postSolution
		{F89FFD31-708D-4B58-947C-4054E69D9125}.Debug|Any CPU.ActiveCfg = Debug|Any CPU
		{F89FFD31-708D-4B58-947C-4054E69D9125}.Debug|Any CPU.Build.0 = Debug|Any CPU
		{F89FFD31-708D-4B58-947C-4054E69D9125}.Release|Any CPU.ActiveCfg = Release|Any CPU
		{F89FFD31-708D-4B58-947C-4054E69D9125}.Release|Any CPU.Build.0 = Release|Any CPU
	EndGlobalSection
	GlobalSection(SolutionProperties) = preSolution
		HideSolutionNode = FALSE
	EndGlobalSection
	GlobalSection(ExtensibilityGlobals) = postSolution
		SolutionGuid = {24003846-1D4E-49D4-85DE-BF86CBBD56E3}
	EndGlobalSection
EndGlobal
