
Microsoft Visual Studio Solution File, Format Version 12.00
# Visual Studio 15
VisualStudioVersion = 15.0.27703.2035
MinimumVisualStudioVersion = 10.0.40219.1
Project("{FAE04EC0-301F-11D3-BF4B-00C04F79EFBC}") = "Console-recursive-folders-function", "Console-recursive-folders-function.csproj", "{BE7715DA-EA28-4FF5-9EE2-867A7807CB05}"
EndProject
Global
	GlobalSection(SolutionConfigurationPlatforms) = preSolution
		Debug|Any CPU = Debug|Any CPU
		Release|Any CPU = Release|Any CPU
	EndGlobalSection
	GlobalSection(ProjectConfigurationPlatforms) = postSolution
		{BE7715DA-EA28-4FF5-9EE2-867A7807CB05}.Debug|Any CPU.ActiveCfg = Debug|Any CPU
		{BE7715DA-EA28-4FF5-9EE2-867A7807CB05}.Debug|Any CPU.Build.0 = Debug|Any CPU
		{BE7715DA-EA28-4FF5-9EE2-867A7807CB05}.Release|Any CPU.ActiveCfg = Release|Any CPU
		{BE7715DA-EA28-4FF5-9EE2-867A7807CB05}.Release|Any CPU.Build.0 = Release|Any CPU
	EndGlobalSection
	GlobalSection(SolutionProperties) = preSolution
		HideSolutionNode = FALSE
	EndGlobalSection
	GlobalSection(ExtensibilityGlobals) = postSolution
		SolutionGuid = {35683A8B-892A-40E3-934A-EA9BF1E76DB0}
	EndGlobalSection
EndGlobal
