
Microsoft Visual Studio Solution File, Format Version 12.00
# Visual Studio 15
VisualStudioVersion = 15.0.27703.2035
MinimumVisualStudioVersion = 10.0.40219.1
Project("{FAE04EC0-301F-11D3-BF4B-00C04F79EFBC}") = "Console-math-on-certain-numbers-in-array", "Console-math-on-certain-numbers-in-array.csproj", "{A4AFD1FE-9EE0-4A3F-A380-AFD7BB5F02BD}"
EndProject
Global
	GlobalSection(SolutionConfigurationPlatforms) = preSolution
		Debug|Any CPU = Debug|Any CPU
		Release|Any CPU = Release|Any CPU
	EndGlobalSection
	GlobalSection(ProjectConfigurationPlatforms) = postSolution
		{A4AFD1FE-9EE0-4A3F-A380-AFD7BB5F02BD}.Debug|Any CPU.ActiveCfg = Debug|Any CPU
		{A4AFD1FE-9EE0-4A3F-A380-AFD7BB5F02BD}.Debug|Any CPU.Build.0 = Debug|Any CPU
		{A4AFD1FE-9EE0-4A3F-A380-AFD7BB5F02BD}.Release|Any CPU.ActiveCfg = Release|Any CPU
		{A4AFD1FE-9EE0-4A3F-A380-AFD7BB5F02BD}.Release|Any CPU.Build.0 = Release|Any CPU
	EndGlobalSection
	GlobalSection(SolutionProperties) = preSolution
		HideSolutionNode = FALSE
	EndGlobalSection
	GlobalSection(ExtensibilityGlobals) = postSolution
		SolutionGuid = {1C96E7D4-B962-4248-9372-F27DD855E60A}
	EndGlobalSection
EndGlobal
