
Microsoft Visual Studio Solution File, Format Version 12.00
# Visual Studio 15
VisualStudioVersion = 15.0.27703.2035
MinimumVisualStudioVersion = 10.0.40219.1
Project("{FAE04EC0-301F-11D3-BF4B-00C04F79EFBC}") = "Console-find-prime-numbers", "Console-find-prime-numbers.csproj", "{C5E2DE0E-3D46-4611-AEF7-4D7649F18528}"
EndProject
Global
	GlobalSection(SolutionConfigurationPlatforms) = preSolution
		Debug|Any CPU = Debug|Any CPU
		Release|Any CPU = Release|Any CPU
	EndGlobalSection
	GlobalSection(ProjectConfigurationPlatforms) = postSolution
		{C5E2DE0E-3D46-4611-AEF7-4D7649F18528}.Debug|Any CPU.ActiveCfg = Debug|Any CPU
		{C5E2DE0E-3D46-4611-AEF7-4D7649F18528}.Debug|Any CPU.Build.0 = Debug|Any CPU
		{C5E2DE0E-3D46-4611-AEF7-4D7649F18528}.Release|Any CPU.ActiveCfg = Release|Any CPU
		{C5E2DE0E-3D46-4611-AEF7-4D7649F18528}.Release|Any CPU.Build.0 = Release|Any CPU
	EndGlobalSection
	GlobalSection(SolutionProperties) = preSolution
		HideSolutionNode = FALSE
	EndGlobalSection
	GlobalSection(ExtensibilityGlobals) = postSolution
		SolutionGuid = {A33F3D5C-3B03-415A-9643-0019FBBAE894}
	EndGlobalSection
EndGlobal
